// !$*UTF8*$!
{
	archiveVersion = 1;
	classes = {
	};
	objectVersion = 50;
	objects = {

/* Begin PBXBuildFile section */
		9433EA3123AF1F2F00462C84 /* cube.mtl in Resources */ = {isa = PBXBuildFile; fileRef = 9433EA2F23AF1F2F00462C84 /* cube.mtl */; };
		9440682323A9CAD800A8FCB4 /* AppDelegate.swift in Sources */ = {isa = PBXBuildFile; fileRef = 9440682223A9CAD800A8FCB4 /* AppDelegate.swift */; };
		9440682723A9CAD800A8FCB4 /* ViewController.swift in Sources */ = {isa = PBXBuildFile; fileRef = 9440682623A9CAD800A8FCB4 /* ViewController.swift */; };
		9440682A23A9CAD800A8FCB4 /* Main.storyboard in Resources */ = {isa = PBXBuildFile; fileRef = 9440682823A9CAD800A8FCB4 /* Main.storyboard */; };
		9440682C23A9CAD900A8FCB4 /* Assets.xcassets in Resources */ = {isa = PBXBuildFile; fileRef = 9440682B23A9CAD900A8FCB4 /* Assets.xcassets */; };
		9440682F23A9CAD900A8FCB4 /* LaunchScreen.storyboard in Resources */ = {isa = PBXBuildFile; fileRef = 9440682D23A9CAD900A8FCB4 /* LaunchScreen.storyboard */; };
		9440683723A9CB5100A8FCB4 /* Renderer.swift in Sources */ = {isa = PBXBuildFile; fileRef = 9440683623A9CB5100A8FCB4 /* Renderer.swift */; };
		9440683923A9CF7600A8FCB4 /* Shader.metal in Sources */ = {isa = PBXBuildFile; fileRef = 9440683823A9CF7600A8FCB4 /* Shader.metal */; };
		9440683C23A9D98700A8FCB4 /* Utilities.swift in Sources */ = {isa = PBXBuildFile; fileRef = 9440683B23A9D98700A8FCB4 /* Utilities.swift */; };
		9440683E23A9E28400A8FCB4 /* teapot.obj in Resources */ = {isa = PBXBuildFile; fileRef = 9440683D23A9E28300A8FCB4 /* teapot.obj */; };
		9440684423AA1ADC00A8FCB4 /* bob.obj in Resources */ = {isa = PBXBuildFile; fileRef = 9440684323AA1ADC00A8FCB4 /* bob.obj */; };
		9440686823AB6F5200A8FCB4 /* cup_low.obj in Resources */ = {isa = PBXBuildFile; fileRef = 9440686723AB6F5200A8FCB4 /* cup_low.obj */; };
		9440686E23ACAE1900A8FCB4 /* Skybox.metal in Sources */ = {isa = PBXBuildFile; fileRef = 9440686D23ACAE1900A8FCB4 /* Skybox.metal */; };
		94B96AF823AF982D00FAD185 /* cube.obj in Resources */ = {isa = PBXBuildFile; fileRef = 94B96AF723AF982D00FAD185 /* cube.obj */; };
		94B96AFB23AFA49200FAD185 /* cy.mtl in Resources */ = {isa = PBXBuildFile; fileRef = 94B96AF923AFA49200FAD185 /* cy.mtl */; };
		94B96AFC23AFA49200FAD185 /* cy.obj in Resources */ = {isa = PBXBuildFile; fileRef = 94B96AFA23AFA49200FAD185 /* cy.obj */; };
/* End PBXBuildFile section */

/* Begin PBXFileReference section */
		9433EA2F23AF1F2F00462C84 /* cube.mtl */ = {isa = PBXFileReference; fileEncoding = 4; lastKnownFileType = text; path = cube.mtl; sourceTree = "<group>"; };
		9440681F23A9CAD800A8FCB4 /* Cube.app */ = {isa = PBXFileReference; explicitFileType = wrapper.application; includeInIndex = 0; path = Cube.app; sourceTree = BUILT_PRODUCTS_DIR; };
		9440682223A9CAD800A8FCB4 /* AppDelegate.swift */ = {isa = PBXFileReference; lastKnownFileType = sourcecode.swift; path = AppDelegate.swift; sourceTree = "<group>"; };
		9440682623A9CAD800A8FCB4 /* ViewController.swift */ = {isa = PBXFileReference; lastKnownFileType = sourcecode.swift; path = ViewController.swift; sourceTree = "<group>"; };
		9440682923A9CAD800A8FCB4 /* Base */ = {isa = PBXFileReference; lastKnownFileType = file.storyboard; name = Base; path = Base.lproj/Main.storyboard; sourceTree = "<group>"; };
		9440682B23A9CAD900A8FCB4 /* Assets.xcassets */ = {isa = PBXFileReference; lastKnownFileType = folder.assetcatalog; path = Assets.xcassets; sourceTree = "<group>"; };
		9440682E23A9CAD900A8FCB4 /* Base */ = {isa = PBXFileReference; lastKnownFileType = file.storyboard; name = Base; path = Base.lproj/LaunchScreen.storyboard; sourceTree = "<group>"; };
		9440683023A9CAD900A8FCB4 /* Info.plist */ = {isa = PBXFileReference; lastKnownFileType = text.plist.xml; path = Info.plist; sourceTree = "<group>"; };
		9440683623A9CB5100A8FCB4 /* Renderer.swift */ = {isa = PBXFileReference; lastKnownFileType = sourcecode.swift; path = Renderer.swift; sourceTree = "<group>"; };
		9440683823A9CF7600A8FCB4 /* Shader.metal */ = {isa = PBXFileReference; lastKnownFileType = sourcecode.metal; path = Shader.metal; sourceTree = "<group>"; };
		9440683B23A9D98700A8FCB4 /* Utilities.swift */ = {isa = PBXFileReference; lastKnownFileType = sourcecode.swift; path = Utilities.swift; sourceTree = "<group>"; };
		9440683D23A9E28300A8FCB4 /* teapot.obj */ = {isa = PBXFileReference; fileEncoding = 4; lastKnownFileType = text; path = teapot.obj; sourceTree = "<group>"; };
		9440684323AA1ADC00A8FCB4 /* bob.obj */ = {isa = PBXFileReference; fileEncoding = 4; lastKnownFileType = text; path = bob.obj; sourceTree = "<group>"; };
		9440686723AB6F5200A8FCB4 /* cup_low.obj */ = {isa = PBXFileReference; fileEncoding = 4; lastKnownFileType = text; path = cup_low.obj; sourceTree = "<group>"; };
		9440686D23ACAE1900A8FCB4 /* Skybox.metal */ = {isa = PBXFileReference; lastKnownFileType = sourcecode.metal; path = Skybox.metal; sourceTree = "<group>"; };
		94B96AF723AF982D00FAD185 /* cube.obj */ = {isa = PBXFileReference; fileEncoding = 4; lastKnownFileType = text; path = cube.obj; sourceTree = "<group>"; };
		94B96AF923AFA49200FAD185 /* cy.mtl */ = {isa = PBXFileReference; fileEncoding = 4; lastKnownFileType = text; path = cy.mtl; sourceTree = "<group>"; };
		94B96AFA23AFA49200FAD185 /* cy.obj */ = {isa = PBXFileReference; fileEncoding = 4; lastKnownFileType = text; path = cy.obj; sourceTree = "<group>"; };
/* End PBXFileReference section */

/* Begin PBXFrameworksBuildPhase section */
		9440681C23A9CAD800A8FCB4 /* Frameworks */ = {
			isa = PBXFrameworksBuildPhase;
			buildActionMask = 2147483647;
			files = (
			);
			runOnlyForDeploymentPostprocessing = 0;
		};
/* End PBXFrameworksBuildPhase section */

/* Begin PBXGroup section */
		9440681623A9CAD800A8FCB4 = {
			isa = PBXGroup;
			children = (
				9440682123A9CAD800A8FCB4 /* Cube */,
				9440682023A9CAD800A8FCB4 /* Products */,
			);
			sourceTree = "<group>";
		};
		9440682023A9CAD800A8FCB4 /* Products */ = {
			isa = PBXGroup;
			children = (
				9440681F23A9CAD800A8FCB4 /* Cube.app */,
			);
			name = Products;
			sourceTree = "<group>";
		};
		9440682123A9CAD800A8FCB4 /* Cube */ = {
			isa = PBXGroup;
			children = (
				9440683D23A9E28300A8FCB4 /* teapot.obj */,
				9440684323AA1ADC00A8FCB4 /* bob.obj */,
				9440686723AB6F5200A8FCB4 /* cup_low.obj */,
				9433EA2F23AF1F2F00462C84 /* cube.mtl */,
				94B96AF723AF982D00FAD185 /* cube.obj */,
				94B96AF923AFA49200FAD185 /* cy.mtl */,
				94B96AFA23AFA49200FAD185 /* cy.obj */,
				9440682223A9CAD800A8FCB4 /* AppDelegate.swift */,
				9440682623A9CAD800A8FCB4 /* ViewController.swift */,
				9440683823A9CF7600A8FCB4 /* Shader.metal */,
				9440686D23ACAE1900A8FCB4 /* Skybox.metal */,
				9440683623A9CB5100A8FCB4 /* Renderer.swift */,
				9440683B23A9D98700A8FCB4 /* Utilities.swift */,
				9440682823A9CAD800A8FCB4 /* Main.storyboard */,
				9440682B23A9CAD900A8FCB4 /* Assets.xcassets */,
				9440682D23A9CAD900A8FCB4 /* LaunchScreen.storyboard */,
				9440683023A9CAD900A8FCB4 /* Info.plist */,
			);
			path = Cube;
			sourceTree = "<group>";
		};
/* End PBXGroup section */

/* Begin PBXNativeTarget section */
		9440681E23A9CAD800A8FCB4 /* Cube */ = {
			isa = PBXNativeTarget;
			buildConfigurationList = 9440683323A9CAD900A8FCB4 /* Build configuration list for PBXNativeTarget "Cube" */;
			buildPhases = (
				9440681B23A9CAD800A8FCB4 /* Sources */,
				9440681C23A9CAD800A8FCB4 /* Frameworks */,
				9440681D23A9CAD800A8FCB4 /* Resources */,
			);
			buildRules = (
			);
			dependencies = (
			);
			name = Cube;
			productName = Cube;
			productReference = 9440681F23A9CAD800A8FCB4 /* Cube.app */;
			productType = "com.apple.product-type.application";
		};
/* End PBXNativeTarget section */

/* Begin PBXProject section */
		9440681723A9CAD800A8FCB4 /* Project object */ = {
			isa = PBXProject;
			attributes = {
				LastSwiftUpdateCheck = 1130;
				LastUpgradeCheck = 1130;
				ORGANIZATIONNAME = skylar;
				TargetAttributes = {
					9440681E23A9CAD800A8FCB4 = {
						CreatedOnToolsVersion = 11.3;
					};
				};
			};
			buildConfigurationList = 9440681A23A9CAD800A8FCB4 /* Build configuration list for PBXProject "Cube" */;
			compatibilityVersion = "Xcode 9.3";
			developmentRegion = en;
			hasScannedForEncodings = 0;
			knownRegions = (
				en,
				Base,
			);
			mainGroup = 9440681623A9CAD800A8FCB4;
			productRefGroup = 9440682023A9CAD800A8FCB4 /* Products */;
			projectDirPath = "";
			projectRoot = "";
			targets = (
				9440681E23A9CAD800A8FCB4 /* Cube */,
			);
		};
/* End PBXProject section */

/* Begin PBXResourcesBuildPhase section */
		9440681D23A9CAD800A8FCB4 /* Resources */ = {
			isa = PBXResourcesBuildPhase;
			buildActionMask = 2147483647;
			files = (
				9433EA3123AF1F2F00462C84 /* cube.mtl in Resources */,
				9440683E23A9E28400A8FCB4 /* teapot.obj in Resources */,
				9440682F23A9CAD900A8FCB4 /* LaunchScreen.storyboard in Resources */,
				9440684423AA1ADC00A8FCB4 /* bob.obj in Resources */,
				94B96AF823AF982D00FAD185 /* cube.obj in Resources */,
				94B96AFC23AFA49200FAD185 /* cy.obj in Resources */,
				9440682C23A9CAD900A8FCB4 /* Assets.xcassets in Resources */,
				9440682A23A9CAD800A8FCB4 /* Main.storyboard in Resources */,
				94B96AFB23AFA49200FAD185 /* cy.mtl in Resources */,
				9440686823AB6F5200A8FCB4 /* cup_low.obj in Resources */,
			);
			runOnlyForDeploymentPostprocessing = 0;
		};
/* End PBXResourcesBuildPhase section */

/* Begin PBXSourcesBuildPhase section */
		9440681B23A9CAD800A8FCB4 /* Sources */ = {
			isa = PBXSourcesBuildPhase;
			buildActionMask = 2147483647;
			files = (
				9440683923A9CF7600A8FCB4 /* Shader.metal in Sources */,
				9440682723A9CAD800A8FCB4 /* ViewController.swift in Sources */,
				9440682323A9CAD800A8FCB4 /* AppDelegate.swift in Sources */,
				9440683C23A9D98700A8FCB4 /* Utilities.swift in Sources */,
				9440683723A9CB5100A8FCB4 /* Renderer.swift in Sources */,
				9440686E23ACAE1900A8FCB4 /* Skybox.metal in Sources */,
			);
			runOnlyForDeploymentPostprocessing = 0;
		};
/* End PBXSourcesBuildPhase section */

/* Begin PBXVariantGroup section */
		9440682823A9CAD800A8FCB4 /* Main.storyboard */ = {
			isa = PBXVariantGroup;
			children = (
				9440682923A9CAD800A8FCB4 /* Base */,
			);
			name = Main.storyboard;
			sourceTree = "<group>";
		};
		9440682D23A9CAD900A8FCB4 /* LaunchScreen.storyboard */ = {
			isa = PBXVariantGroup;
			children = (
				9440682E23A9CAD900A8FCB4 /* Base */,
			);
			name = LaunchScreen.storyboard;
			sourceTree = "<group>";
		};
/* End PBXVariantGroup section */

/* Begin XCBuildConfiguration section */
		9440683123A9CAD900A8FCB4 /* Debug */ = {
			isa = XCBuildConfiguration;
			buildSettings = {
				ALWAYS_SEARCH_USER_PATHS = NO;
				CLANG_ANALYZER_NONNULL = YES;
				CLANG_ANALYZER_NUMBER_OBJECT_CONVERSION = YES_AGGRESSIVE;
				CLANG_CXX_LANGUAGE_STANDARD = "gnu++14";
				CLANG_CXX_LIBRARY = "libc++";
				CLANG_ENABLE_MODULES = YES;
				CLANG_ENABLE_OBJC_ARC = YES;
				CLANG_ENABLE_OBJC_WEAK = YES;
				CLANG_WARN_BLOCK_CAPTURE_AUTORELEASING = YES;
				CLANG_WARN_BOOL_CONVERSION = YES;
				CLANG_WARN_COMMA = YES;
				CLANG_WARN_CONSTANT_CONVERSION = YES;
				CLANG_WARN_DEPRECATED_OBJC_IMPLEMENTATIONS = YES;
				CLANG_WARN_DIRECT_OBJC_ISA_USAGE = YES_ERROR;
				CLANG_WARN_DOCUMENTATION_COMMENTS = YES;
				CLANG_WARN_EMPTY_BODY = YES;
				CLANG_WARN_ENUM_CONVERSION = YES;
				CLANG_WARN_INFINITE_RECURSION = YES;
				CLANG_WARN_INT_CONVERSION = YES;
				CLANG_WARN_NON_LITERAL_NULL_CONVERSION = YES;
				CLANG_WARN_OBJC_IMPLICIT_RETAIN_SELF = YES;
				CLANG_WARN_OBJC_LITERAL_CONVERSION = YES;
				CLANG_WARN_OBJC_ROOT_CLASS = YES_ERROR;
				CLANG_WARN_RANGE_LOOP_ANALYSIS = YES;
				CLANG_WARN_STRICT_PROTOTYPES = YES;
				CLANG_WARN_SUSPICIOUS_MOVE = YES;
				CLANG_WARN_UNGUARDED_AVAILABILITY = YES_AGGRESSIVE;
				CLANG_WARN_UNREACHABLE_CODE = YES;
				CLANG_WARN__DUPLICATE_METHOD_MATCH = YES;
				COPY_PHASE_STRIP = NO;
				DEBUG_INFORMATION_FORMAT = dwarf;
				ENABLE_STRICT_OBJC_MSGSEND = YES;
				ENABLE_TESTABILITY = YES;
				GCC_C_LANGUAGE_STANDARD = gnu11;
				GCC_DYNAMIC_NO_PIC = NO;
				GCC_NO_COMMON_BLOCKS = YES;
				GCC_OPTIMIZATION_LEVEL = 0;
				GCC_PREPROCESSOR_DEFINITIONS = (
					"DEBUG=1",
					"$(inherited)",
				);
				GCC_WARN_64_TO_32_BIT_CONVERSION = YES;
				GCC_WARN_ABOUT_RETURN_TYPE = YES_ERROR;
				GCC_WARN_UNDECLARED_SELECTOR = YES;
				GCC_WARN_UNINITIALIZED_AUTOS = YES_AGGRESSIVE;
				GCC_WARN_UNUSED_FUNCTION = YES;
				GCC_WARN_UNUSED_VARIABLE = YES;
				IPHONEOS_DEPLOYMENT_TARGET = 13.2;
				MTL_ENABLE_DEBUG_INFO = INCLUDE_SOURCE;
				MTL_FAST_MATH = YES;
				ONLY_ACTIVE_ARCH = YES;
				SDKROOT = iphoneos;
				SWIFT_ACTIVE_COMPILATION_CONDITIONS = DEBUG;
				SWIFT_OPTIMIZATION_LEVEL = "-Onone";
			};
			name = Debug;
		};
		9440683223A9CAD900A8FCB4 /* Release */ = {
			isa = XCBuildConfiguration;
			buildSettings = {
				ALWAYS_SEARCH_USER_PATHS = NO;
				CLANG_ANALYZER_NONNULL = YES;
				CLANG_ANALYZER_NUMBER_OBJECT_CONVERSION = YES_AGGRESSIVE;
				CLANG_CXX_LANGUAGE_STANDARD = "gnu++14";
				CLANG_CXX_LIBRARY = "libc++";
				CLANG_ENABLE_MODULES = YES;
				CLANG_ENABLE_OBJC_ARC = YES;
				CLANG_ENABLE_OBJC_WEAK = YES;
				CLANG_WARN_BLOCK_CAPTURE_AUTORELEASING = YES;
				CLANG_WARN_BOOL_CONVERSION = YES;
				CLANG_WARN_COMMA = YES;
				CLANG_WARN_CONSTANT_CONVERSION = YES;
				CLANG_WARN_DEPRECATED_OBJC_IMPLEMENTATIONS = YES;
				CLANG_WARN_DIRECT_OBJC_ISA_USAGE = YES_ERROR;
				CLANG_WARN_DOCUMENTATION_COMMENTS = YES;
				CLANG_WARN_EMPTY_BODY = YES;
				CLANG_WARN_ENUM_CONVERSION = YES;
				CLANG_WARN_INFINITE_RECURSION = YES;
				CLANG_WARN_INT_CONVERSION = YES;
				CLANG_WARN_NON_LITERAL_NULL_CONVERSION = YES;
				CLANG_WARN_OBJC_IMPLICIT_RETAIN_SELF = YES;
				CLANG_WARN_OBJC_LITERAL_CONVERSION = YES;
				CLANG_WARN_OBJC_ROOT_CLASS = YES_ERROR;
				CLANG_WARN_RANGE_LOOP_ANALYSIS = YES;
				CLANG_WARN_STRICT_PROTOTYPES = YES;
				CLANG_WARN_SUSPICIOUS_MOVE = YES;
				CLANG_WARN_UNGUARDED_AVAILABILITY = YES_AGGRESSIVE;
				CLANG_WARN_UNREACHABLE_CODE = YES;
				CLANG_WARN__DUPLICATE_METHOD_MATCH = YES;
				COPY_PHASE_STRIP = NO;
				DEBUG_INFORMATION_FORMAT = "dwarf-with-dsym";
				ENABLE_NS_ASSERTIONS = NO;
				ENABLE_STRICT_OBJC_MSGSEND = YES;
				GCC_C_LANGUAGE_STANDARD = gnu11;
				GCC_NO_COMMON_BLOCKS = YES;
				GCC_WARN_64_TO_32_BIT_CONVERSION = YES;
				GCC_WARN_ABOUT_RETURN_TYPE = YES_ERROR;
				GCC_WARN_UNDECLARED_SELECTOR = YES;
				GCC_WARN_UNINITIALIZED_AUTOS = YES_AGGRESSIVE;
				GCC_WARN_UNUSED_FUNCTION = YES;
				GCC_WARN_UNUSED_VARIABLE = YES;
				IPHONEOS_DEPLOYMENT_TARGET = 13.2;
				MTL_ENABLE_DEBUG_INFO = NO;
				MTL_FAST_MATH = YES;
				SDKROOT = iphoneos;
				SWIFT_COMPILATION_MODE = wholemodule;
				SWIFT_OPTIMIZATION_LEVEL = "-O";
				VALIDATE_PRODUCT = YES;
			};
			name = Release;
		};
		9440683423A9CAD900A8FCB4 /* Debug */ = {
			isa = XCBuildConfiguration;
			buildSettings = {
				ASSETCATALOG_COMPILER_APPICON_NAME = AppIcon;
				CODE_SIGN_STYLE = Automatic;
				DEVELOPMENT_TEAM = F72NM3PQH6;
				INFOPLIST_FILE = Cube/Info.plist;
				LD_RUNPATH_SEARCH_PATHS = (
					"$(inherited)",
					"@executable_path/Frameworks",
				);
				PRODUCT_BUNDLE_IDENTIFIER = com.mampod.Cube;
				PRODUCT_NAME = "$(TARGET_NAME)";
				SWIFT_VERSION = 5.0;
				TARGETED_DEVICE_FAMILY = "1,2";
			};
			name = Debug;
		};
		9440683523A9CAD900A8FCB4 /* Release */ = {
			isa = XCBuildConfiguration;
			buildSettings = {
				ASSETCATALOG_COMPILER_APPICON_NAME = AppIcon;
				CODE_SIGN_STYLE = Automatic;
				DEVELOPMENT_TEAM = F72NM3PQH6;
				INFOPLIST_FILE = Cube/Info.plist;
				LD_RUNPATH_SEARCH_PATHS = (
					"$(inherited)",
					"@executable_path/Frameworks",
				);
				PRODUCT_BUNDLE_IDENTIFIER = com.mampod.Cube;
				PRODUCT_NAME = "$(TARGET_NAME)";
				SWIFT_VERSION = 5.0;
				TARGETED_DEVICE_FAMILY = "1,2";
			};
			name = Release;
		};
/* End XCBuildConfiguration section */

/* Begin XCConfigurationList section */
		9440681A23A9CAD800A8FCB4 /* Build configuration list for PBXProject "Cube" */ = {
			isa = XCConfigurationList;
			buildConfigurations = (
				9440683123A9CAD900A8FCB4 /* Debug */,
				9440683223A9CAD900A8FCB4 /* Release */,
			);
			defaultConfigurationIsVisible = 0;
			defaultConfigurationName = Release;
		};
		9440683323A9CAD900A8FCB4 /* Build configuration list for PBXNativeTarget "Cube" */ = {
			isa = XCConfigurationList;
			buildConfigurations = (
				9440683423A9CAD900A8FCB4 /* Debug */,
				9440683523A9CAD900A8FCB4 /* Release */,
			);
			defaultConfigurationIsVisible = 0;
			defaultConfigurationName = Release;
		};
/* End XCConfigurationList section */
	};
	rootObject = 9440681723A9CAD800A8FCB4 /* Project object */;
}
